
Microsoft Visual Studio Solution File, Format Version 12.00
# Visual Studio 15
VisualStudioVersion = 15.0.27703.2026
MinimumVisualStudioVersion = 10.0.40219.1
Project("{FAE04EC0-301F-11D3-BF4B-00C04F79EFBC}") = "ApiFun", "ApiFun\ApiFun.csproj", "{D36BE1D9-C25A-4B99-A885-351B14563BC2}"
EndProject
Global
	GlobalSection(SolutionConfigurationPlatforms) = preSolution
		Debug|Any CPU = Debug|Any CPU
		Release|Any CPU = Release|Any CPU
	EndGlobalSection
	GlobalSection(ProjectConfigurationPlatforms) = postSolution
		{D36BE1D9-C25A-4B99-A885-351B14563BC2}.Debug|Any CPU.ActiveCfg = Debug|Any CPU
		{D36BE1D9-C25A-4B99-A885-351B14563BC2}.Debug|Any CPU.Build.0 = Debug|Any CPU
		{D36BE1D9-C25A-4B99-A885-351B14563BC2}.Release|Any CPU.ActiveCfg = Release|Any CPU
		{D36BE1D9-C25A-4B99-A885-351B14563BC2}.Release|Any CPU.Build.0 = Release|Any CPU
	EndGlobalSection
	GlobalSection(SolutionProperties) = preSolution
		HideSolutionNode = FALSE
	EndGlobalSection
	GlobalSection(ExtensibilityGlobals) = postSolution
		SolutionGuid = {42EA08FB-280C-49AE-8F3E-72C65EF80D66}
	EndGlobalSection
EndGlobal
